
Microsoft Visual Studio Solution File, Format Version 12.00
# Visual Studio Version 17
VisualStudioVersion = 17.5.33424.131
MinimumVisualStudioVersion = 10.0.40219.1
Project("{FAE04EC0-301F-11D3-BF4B-00C04F79EFBC}") = "Lab1_Task1", "Lab1_Task1.csproj", "{B5B908A5-7E07-421D-A81D-05C4C8533D1D}"
EndProject
Global
	GlobalSection(SolutionConfigurationPlatforms) = preSolution
		Debug|Any CPU = Debug|Any CPU
		Release|Any CPU = Release|Any CPU
	EndGlobalSection
	GlobalSection(ProjectConfigurationPlatforms) = postSolution
		{B5B908A5-7E07-421D-A81D-05C4C8533D1D}.Debug|Any CPU.ActiveCfg = Debug|Any CPU
		{B5B908A5-7E07-421D-A81D-05C4C8533D1D}.Debug|Any CPU.Build.0 = Debug|Any CPU
		{B5B908A5-7E07-421D-A81D-05C4C8533D1D}.Release|Any CPU.ActiveCfg = Release|Any CPU
		{B5B908A5-7E07-421D-A81D-05C4C8533D1D}.Release|Any CPU.Build.0 = Release|Any CPU
	EndGlobalSection
	GlobalSection(SolutionProperties) = preSolution
		HideSolutionNode = FALSE
	EndGlobalSection
	GlobalSection(ExtensibilityGlobals) = postSolution
		SolutionGuid = {F3D65EF8-D6E3-453F-AB5F-065205A3FA8D}
	EndGlobalSection
EndGlobal
